
Microsoft Visual Studio Solution File, Format Version 12.00
# Visual Studio Version 17
VisualStudioVersion = 17.13.35825.156 d17.13
MinimumVisualStudioVersion = 10.0.40219.1
Project("{2150E333-8FDC-42A3-9474-1A3956D46DE8}") = "ProductMicroService", "ProductMicroService", "{02EA681E-C7D8-13C7-8484-4AC65E1B71E8}"
EndProject
Project("{2150E333-8FDC-42A3-9474-1A3956D46DE8}") = "OrderMicroService", "OrderMicroService", "{16783B60-6749-4908-BAE8-EA8F5CD4953B}"
EndProject
Project("{2150E333-8FDC-42A3-9474-1A3956D46DE8}") = "CustomerMicroService", "CustomerMicroService", "{BB589145-7B1E-4823-9086-BE9E14D07C32}"
EndProject
Project("{FAE04EC0-301F-11D3-BF4B-00C04F79EFBC}") = "ProductWebAPI", "ProductWebAPI\ProductWebAPI.csproj", "{70B1F04F-39C0-4573-88F3-187D711FFBCC}"
EndProject
Global
	GlobalSection(SolutionConfigurationPlatforms) = preSolution
		Debug|Any CPU = Debug|Any CPU
		Release|Any CPU = Release|Any CPU
	EndGlobalSection
	GlobalSection(ProjectConfigurationPlatforms) = postSolution
		{70B1F04F-39C0-4573-88F3-187D711FFBCC}.Debug|Any CPU.ActiveCfg = Debug|Any CPU
		{70B1F04F-39C0-4573-88F3-187D711FFBCC}.Debug|Any CPU.Build.0 = Debug|Any CPU
		{70B1F04F-39C0-4573-88F3-187D711FFBCC}.Release|Any CPU.ActiveCfg = Release|Any CPU
		{70B1F04F-39C0-4573-88F3-187D711FFBCC}.Release|Any CPU.Build.0 = Release|Any CPU
	EndGlobalSection
	GlobalSection(SolutionProperties) = preSolution
		HideSolutionNode = FALSE
	EndGlobalSection
	GlobalSection(NestedProjects) = preSolution
		{70B1F04F-39C0-4573-88F3-187D711FFBCC} = {02EA681E-C7D8-13C7-8484-4AC65E1B71E8}
	EndGlobalSection
	GlobalSection(ExtensibilityGlobals) = postSolution
		SolutionGuid = {8E876581-E0FB-4E72-AF4B-08417C1B1096}
	EndGlobalSection
EndGlobal
